
Microsoft Visual Studio Solution File, Format Version 12.00
# Visual Studio Version 16
VisualStudioVersion = 16.0.30711.63
MinimumVisualStudioVersion = 10.0.40219.1
Project("{9A19103F-16F7-4668-BE54-9A1E7A4F7556}") = "UITest", "UITest\UITest.csproj", "{C622475A-0FF7-4565-8004-33208560B34B}"
EndProject
Global
	GlobalSection(SolutionConfigurationPlatforms) = preSolution
		Debug|Any CPU = Debug|Any CPU
		Release|Any CPU = Release|Any CPU
	EndGlobalSection
	GlobalSection(ProjectConfigurationPlatforms) = postSolution
		{C622475A-0FF7-4565-8004-33208560B34B}.Debug|Any CPU.ActiveCfg = Debug|Any CPU
		{C622475A-0FF7-4565-8004-33208560B34B}.Debug|Any CPU.Build.0 = Debug|Any CPU
		{C622475A-0FF7-4565-8004-33208560B34B}.Release|Any CPU.ActiveCfg = Release|Any CPU
		{C622475A-0FF7-4565-8004-33208560B34B}.Release|Any CPU.Build.0 = Release|Any CPU
	EndGlobalSection
	GlobalSection(SolutionProperties) = preSolution
		HideSolutionNode = FALSE
	EndGlobalSection
	GlobalSection(ExtensibilityGlobals) = postSolution
		SolutionGuid = {1B1F596E-1022-4563-9236-6400B089041E}
	EndGlobalSection
EndGlobal
